
Microsoft Visual Studio Solution File, Format Version 12.00
# Visual Studio Version 17
VisualStudioVersion = 17.6.33723.286
MinimumVisualStudioVersion = 10.0.40219.1
Project("{9A19103F-16F7-4668-BE54-9A1E7A4F7556}") = "Sanatorium", "Sanatorium\Sanatorium.csproj", "{B2B23126-1D65-42D0-89B3-2CCCDAE98495}"
EndProject
Global
	GlobalSection(SolutionConfigurationPlatforms) = preSolution
		Debug|Any CPU = Debug|Any CPU
		Release|Any CPU = Release|Any CPU
	EndGlobalSection
	GlobalSection(ProjectConfigurationPlatforms) = postSolution
		{B2B23126-1D65-42D0-89B3-2CCCDAE98495}.Debug|Any CPU.ActiveCfg = Debug|Any CPU
		{B2B23126-1D65-42D0-89B3-2CCCDAE98495}.Debug|Any CPU.Build.0 = Debug|Any CPU
		{B2B23126-1D65-42D0-89B3-2CCCDAE98495}.Release|Any CPU.ActiveCfg = Release|Any CPU
		{B2B23126-1D65-42D0-89B3-2CCCDAE98495}.Release|Any CPU.Build.0 = Release|Any CPU
	EndGlobalSection
	GlobalSection(SolutionProperties) = preSolution
		HideSolutionNode = FALSE
	EndGlobalSection
	GlobalSection(ExtensibilityGlobals) = postSolution
		SolutionGuid = {A151FD7D-5948-48C5-9D01-564D9CA2D03F}
	EndGlobalSection
EndGlobal
